// !$*UTF8*$!
{
	archiveVersion = 1;
	classes = {
	};
	objectVersion = 46;
	objects = {

/* Begin PBXBuildFile section */
		3389F5AB861568D4276CA04B /* Pods_ExampleSnapshotTests.framework in Frameworks */ = {isa = PBXBuildFile; fileRef = 3791263AF870540A4FAB527F /* Pods_ExampleSnapshotTests.framework */; };
		48E3E4729E083E4D4E03EEA6 /* Pods_ExampleTests.framework in Frameworks */ = {isa = PBXBuildFile; fileRef = B57095323ED9D3461018C01E /* Pods_ExampleTests.framework */; };
		9F93DF5D1D2AAECA006D16B9 /* AppDelegate.swift in Sources */ = {isa = PBXBuildFile; fileRef = 9F93DF5C1D2AAECA006D16B9 /* AppDelegate.swift */; };
		9F93DF5F1D2AAECA006D16B9 /* ViewController.swift in Sources */ = {isa = PBXBuildFile; fileRef = 9F93DF5E1D2AAECA006D16B9 /* ViewController.swift */; };
		9F93DF621D2AAECA006D16B9 /* Main.storyboard in Resources */ = {isa = PBXBuildFile; fileRef = 9F93DF601D2AAECA006D16B9 /* Main.storyboard */; };
		9F93DF641D2AAECA006D16B9 /* Assets.xcassets in Resources */ = {isa = PBXBuildFile; fileRef = 9F93DF631D2AAECA006D16B9 /* Assets.xcassets */; };
		9F93DF671D2AAECA006D16B9 /* LaunchScreen.storyboard in Resources */ = {isa = PBXBuildFile; fileRef = 9F93DF651D2AAECA006D16B9 /* LaunchScreen.storyboard */; };
		9F93DF7D1D2AB6CE006D16B9 /* ExampleSnapshotTests.swift in Sources */ = {isa = PBXBuildFile; fileRef = 9F93DF7C1D2AB6CE006D16B9 /* ExampleSnapshotTests.swift */; };
		FF1746168F4DF6991AD87ED6 /* Pods_Example.framework in Frameworks */ = {isa = PBXBuildFile; fileRef = 9C05D6BD995EB69926A6CC82 /* Pods_Example.framework */; };
/* End PBXBuildFile section */

/* Begin PBXContainerItemProxy section */
		9F93DF6E1D2AAECA006D16B9 /* PBXContainerItemProxy */ = {
			isa = PBXContainerItemProxy;
			containerPortal = 9F93DF511D2AAECA006D16B9 /* Project object */;
			proxyType = 1;
			remoteGlobalIDString = 9F93DF581D2AAECA006D16B9;
			remoteInfo = Example;
		};
/* End PBXContainerItemProxy section */

/* Begin PBXFileReference section */
		01B61D2D349217C411A6E7B4 /* Pods-ExampleTests.debug.xcconfig */ = {isa = PBXFileReference; includeInIndex = 1; lastKnownFileType = text.xcconfig; name = "Pods-ExampleTests.debug.xcconfig"; path = "Pods/Target Support Files/Pods-ExampleTests/Pods-ExampleTests.debug.xcconfig"; sourceTree = "<group>"; };
		12D7A9972EEC2876270F8785 /* Pods-ExampleSnapshotTests.release.xcconfig */ = {isa = PBXFileReference; includeInIndex = 1; lastKnownFileType = text.xcconfig; name = "Pods-ExampleSnapshotTests.release.xcconfig"; path = "Pods/Target Support Files/Pods-ExampleSnapshotTests/Pods-ExampleSnapshotTests.release.xcconfig"; sourceTree = "<group>"; };
		3791263AF870540A4FAB527F /* Pods_ExampleSnapshotTests.framework */ = {isa = PBXFileReference; explicitFileType = wrapper.framework; includeInIndex = 0; path = Pods_ExampleSnapshotTests.framework; sourceTree = BUILT_PRODUCTS_DIR; };
		74DD73F8A91BCEF8C417E0FE /* Pods-Example.release.xcconfig */ = {isa = PBXFileReference; includeInIndex = 1; lastKnownFileType = text.xcconfig; name = "Pods-Example.release.xcconfig"; path = "Pods/Target Support Files/Pods-Example/Pods-Example.release.xcconfig"; sourceTree = "<group>"; };
		9C05D6BD995EB69926A6CC82 /* Pods_Example.framework */ = {isa = PBXFileReference; explicitFileType = wrapper.framework; includeInIndex = 0; path = Pods_Example.framework; sourceTree = BUILT_PRODUCTS_DIR; };
		9F93DF591D2AAECA006D16B9 /* Example.app */ = {isa = PBXFileReference; explicitFileType = wrapper.application; includeInIndex = 0; path = Example.app; sourceTree = BUILT_PRODUCTS_DIR; };
		9F93DF5C1D2AAECA006D16B9 /* AppDelegate.swift */ = {isa = PBXFileReference; lastKnownFileType = sourcecode.swift; path = AppDelegate.swift; sourceTree = "<group>"; };
		9F93DF5E1D2AAECA006D16B9 /* ViewController.swift */ = {isa = PBXFileReference; lastKnownFileType = sourcecode.swift; path = ViewController.swift; sourceTree = "<group>"; };
		9F93DF611D2AAECA006D16B9 /* Base */ = {isa = PBXFileReference; lastKnownFileType = file.storyboard; name = Base; path = Base.lproj/Main.storyboard; sourceTree = "<group>"; };
		9F93DF631D2AAECA006D16B9 /* Assets.xcassets */ = {isa = PBXFileReference; lastKnownFileType = folder.assetcatalog; path = Assets.xcassets; sourceTree = "<group>"; };
		9F93DF661D2AAECA006D16B9 /* Base */ = {isa = PBXFileReference; lastKnownFileType = file.storyboard; name = Base; path = Base.lproj/LaunchScreen.storyboard; sourceTree = "<group>"; };
		9F93DF681D2AAECA006D16B9 /* Info.plist */ = {isa = PBXFileReference; lastKnownFileType = text.plist.xml; path = Info.plist; sourceTree = "<group>"; };
		9F93DF6D1D2AAECA006D16B9 /* ExampleSnapshotTests.xctest */ = {isa = PBXFileReference; explicitFileType = wrapper.cfbundle; includeInIndex = 0; path = ExampleSnapshotTests.xctest; sourceTree = BUILT_PRODUCTS_DIR; };
		9F93DF731D2AAECA006D16B9 /* Info.plist */ = {isa = PBXFileReference; lastKnownFileType = text.plist.xml; path = Info.plist; sourceTree = "<group>"; };
		9F93DF7C1D2AB6CE006D16B9 /* ExampleSnapshotTests.swift */ = {isa = PBXFileReference; fileEncoding = 4; lastKnownFileType = sourcecode.swift; path = ExampleSnapshotTests.swift; sourceTree = "<group>"; };
		B5441FDA007142602B6314D0 /* Pods-Example.debug.xcconfig */ = {isa = PBXFileReference; includeInIndex = 1; lastKnownFileType = text.xcconfig; name = "Pods-Example.debug.xcconfig"; path = "Pods/Target Support Files/Pods-Example/Pods-Example.debug.xcconfig"; sourceTree = "<group>"; };
		B57095323ED9D3461018C01E /* Pods_ExampleTests.framework */ = {isa = PBXFileReference; explicitFileType = wrapper.framework; includeInIndex = 0; path = Pods_ExampleTests.framework; sourceTree = BUILT_PRODUCTS_DIR; };
		C811393BE446B7B294A1D9F6 /* Pods-ExampleTests.release.xcconfig */ = {isa = PBXFileReference; includeInIndex = 1; lastKnownFileType = text.xcconfig; name = "Pods-ExampleTests.release.xcconfig"; path = "Pods/Target Support Files/Pods-ExampleTests/Pods-ExampleTests.release.xcconfig"; sourceTree = "<group>"; };
		CCEE05557FAD22B75320983E /* Pods-ExampleSnapshotTests.debug.xcconfig */ = {isa = PBXFileReference; includeInIndex = 1; lastKnownFileType = text.xcconfig; name = "Pods-ExampleSnapshotTests.debug.xcconfig"; path = "Pods/Target Support Files/Pods-ExampleSnapshotTests/Pods-ExampleSnapshotTests.debug.xcconfig"; sourceTree = "<group>"; };
/* End PBXFileReference section */

/* Begin PBXFrameworksBuildPhase section */
		9F93DF561D2AAECA006D16B9 /* Frameworks */ = {
			isa = PBXFrameworksBuildPhase;
			buildActionMask = 2147483647;
			files = (
				FF1746168F4DF6991AD87ED6 /* Pods_Example.framework in Frameworks */,
			);
			runOnlyForDeploymentPostprocessing = 0;
		};
		9F93DF6A1D2AAECA006D16B9 /* Frameworks */ = {
			isa = PBXFrameworksBuildPhase;
			buildActionMask = 2147483647;
			files = (
				48E3E4729E083E4D4E03EEA6 /* Pods_ExampleTests.framework in Frameworks */,
				3389F5AB861568D4276CA04B /* Pods_ExampleSnapshotTests.framework in Frameworks */,
			);
			runOnlyForDeploymentPostprocessing = 0;
		};
/* End PBXFrameworksBuildPhase section */

/* Begin PBXGroup section */
		69FDD3DA829C0FB9C26DED45 /* Pods */ = {
			isa = PBXGroup;
			children = (
				B5441FDA007142602B6314D0 /* Pods-Example.debug.xcconfig */,
				74DD73F8A91BCEF8C417E0FE /* Pods-Example.release.xcconfig */,
				01B61D2D349217C411A6E7B4 /* Pods-ExampleTests.debug.xcconfig */,
				C811393BE446B7B294A1D9F6 /* Pods-ExampleTests.release.xcconfig */,
				CCEE05557FAD22B75320983E /* Pods-ExampleSnapshotTests.debug.xcconfig */,
				12D7A9972EEC2876270F8785 /* Pods-ExampleSnapshotTests.release.xcconfig */,
			);
			name = Pods;
			sourceTree = "<group>";
		};
		9F93DF501D2AAECA006D16B9 = {
			isa = PBXGroup;
			children = (
				9F93DF5B1D2AAECA006D16B9 /* Example */,
				9F93DF701D2AAECA006D16B9 /* ExampleSnapshotTests */,
				9F93DF5A1D2AAECA006D16B9 /* Products */,
				69FDD3DA829C0FB9C26DED45 /* Pods */,
				C2757BF53F3900D1DE38107C /* Frameworks */,
			);
			sourceTree = "<group>";
		};
		9F93DF5A1D2AAECA006D16B9 /* Products */ = {
			isa = PBXGroup;
			children = (
				9F93DF591D2AAECA006D16B9 /* Example.app */,
				9F93DF6D1D2AAECA006D16B9 /* ExampleSnapshotTests.xctest */,
			);
			name = Products;
			sourceTree = "<group>";
		};
		9F93DF5B1D2AAECA006D16B9 /* Example */ = {
			isa = PBXGroup;
			children = (
				9F93DF5C1D2AAECA006D16B9 /* AppDelegate.swift */,
				9F93DF5E1D2AAECA006D16B9 /* ViewController.swift */,
				9F93DF601D2AAECA006D16B9 /* Main.storyboard */,
				9F93DF631D2AAECA006D16B9 /* Assets.xcassets */,
				9F93DF651D2AAECA006D16B9 /* LaunchScreen.storyboard */,
				9F93DF681D2AAECA006D16B9 /* Info.plist */,
			);
			path = Example;
			sourceTree = "<group>";
		};
		9F93DF701D2AAECA006D16B9 /* ExampleSnapshotTests */ = {
			isa = PBXGroup;
			children = (
				9F93DF731D2AAECA006D16B9 /* Info.plist */,
				9F93DF7C1D2AB6CE006D16B9 /* ExampleSnapshotTests.swift */,
			);
			name = ExampleSnapshotTests;
			path = ExampleTests;
			sourceTree = "<group>";
		};
		C2757BF53F3900D1DE38107C /* Frameworks */ = {
			isa = PBXGroup;
			children = (
				9C05D6BD995EB69926A6CC82 /* Pods_Example.framework */,
				B57095323ED9D3461018C01E /* Pods_ExampleTests.framework */,
				3791263AF870540A4FAB527F /* Pods_ExampleSnapshotTests.framework */,
			);
			name = Frameworks;
			sourceTree = "<group>";
		};
/* End PBXGroup section */

/* Begin PBXNativeTarget section */
		9F93DF581D2AAECA006D16B9 /* Example */ = {
			isa = PBXNativeTarget;
			buildConfigurationList = 9F93DF761D2AAECA006D16B9 /* Build configuration list for PBXNativeTarget "Example" */;
			buildPhases = (
				B39D913411EB6F8690C55CAF /* [CP] Check Pods Manifest.lock */,
				9F93DF551D2AAECA006D16B9 /* Sources */,
				9F93DF561D2AAECA006D16B9 /* Frameworks */,
				9F93DF571D2AAECA006D16B9 /* Resources */,
				AD68FD1A85EC4A8D328120C9 /* [CP] Embed Pods Frameworks */,
				95DE475686BA7B4C0727D9B4 /* [CP] Copy Pods Resources */,
			);
			buildRules = (
			);
			dependencies = (
			);
			name = Example;
			productName = Example;
			productReference = 9F93DF591D2AAECA006D16B9 /* Example.app */;
			productType = "com.apple.product-type.application";
		};
		9F93DF6C1D2AAECA006D16B9 /* ExampleSnapshotTests */ = {
			isa = PBXNativeTarget;
			buildConfigurationList = 9F93DF791D2AAECA006D16B9 /* Build configuration list for PBXNativeTarget "ExampleSnapshotTests" */;
			buildPhases = (
				4EA907764C57DF4583958862 /* [CP] Check Pods Manifest.lock */,
				9F93DF691D2AAECA006D16B9 /* Sources */,
				9F93DF6A1D2AAECA006D16B9 /* Frameworks */,
				9F93DF6B1D2AAECA006D16B9 /* Resources */,
				AF1447B1045512858F4C8831 /* [CP] Embed Pods Frameworks */,
				9DF51B39B3AB7C605151B84C /* [CP] Copy Pods Resources */,
			);
			buildRules = (
			);
			dependencies = (
				9F93DF6F1D2AAECA006D16B9 /* PBXTargetDependency */,
			);
			name = ExampleSnapshotTests;
			productName = ExampleTests;
			productReference = 9F93DF6D1D2AAECA006D16B9 /* ExampleSnapshotTests.xctest */;
			productType = "com.apple.product-type.bundle.unit-test";
		};
/* End PBXNativeTarget section */

/* Begin PBXProject section */
		9F93DF511D2AAECA006D16B9 /* Project object */ = {
			isa = PBXProject;
			attributes = {
				LastSwiftUpdateCheck = 0730;
				LastUpgradeCheck = 0730;
				ORGANIZATIONNAME = "Gaute Solheim";
				TargetAttributes = {
					9F93DF581D2AAECA006D16B9 = {
						CreatedOnToolsVersion = 7.3.1;
					};
					9F93DF6C1D2AAECA006D16B9 = {
						CreatedOnToolsVersion = 7.3.1;
						TestTargetID = 9F93DF581D2AAECA006D16B9;
					};
				};
			};
			buildConfigurationList = 9F93DF541D2AAECA006D16B9 /* Build configuration list for PBXProject "Example" */;
			compatibilityVersion = "Xcode 3.2";
			developmentRegion = English;
			hasScannedForEncodings = 0;
			knownRegions = (
				en,
				Base,
			);
			mainGroup = 9F93DF501D2AAECA006D16B9;
			productRefGroup = 9F93DF5A1D2AAECA006D16B9 /* Products */;
			projectDirPath = "";
			projectRoot = "";
			targets = (
				9F93DF581D2AAECA006D16B9 /* Example */,
				9F93DF6C1D2AAECA006D16B9 /* ExampleSnapshotTests */,
			);
		};
/* End PBXProject section */

/* Begin PBXResourcesBuildPhase section */
		9F93DF571D2AAECA006D16B9 /* Resources */ = {
			isa = PBXResourcesBuildPhase;
			buildActionMask = 2147483647;
			files = (
				9F93DF671D2AAECA006D16B9 /* LaunchScreen.storyboard in Resources */,
				9F93DF641D2AAECA006D16B9 /* Assets.xcassets in Resources */,
				9F93DF621D2AAECA006D16B9 /* Main.storyboard in Resources */,
			);
			runOnlyForDeploymentPostprocessing = 0;
		};
		9F93DF6B1D2AAECA006D16B9 /* Resources */ = {
			isa = PBXResourcesBuildPhase;
			buildActionMask = 2147483647;
			files = (
			);
			runOnlyForDeploymentPostprocessing = 0;
		};
/* End PBXResourcesBuildPhase section */

/* Begin PBXShellScriptBuildPhase section */
		4EA907764C57DF4583958862 /* [CP] Check Pods Manifest.lock */ = {
			isa = PBXShellScriptBuildPhase;
			buildActionMask = 2147483647;
			files = (
			);
			inputPaths = (
			);
			name = "[CP] Check Pods Manifest.lock";
			outputPaths = (
			);
			runOnlyForDeploymentPostprocessing = 0;
			shellPath = /bin/sh;
			shellScript = "diff \"${PODS_ROOT}/../Podfile.lock\" \"${PODS_ROOT}/Manifest.lock\" > /dev/null\nif [[ $? != 0 ]] ; then\n    cat << EOM\nerror: The sandbox is not in sync with the Podfile.lock. Run 'pod install' or update your CocoaPods installation.\nEOM\n    exit 1\nfi\n";
			showEnvVarsInLog = 0;
		};
		95DE475686BA7B4C0727D9B4 /* [CP] Copy Pods Resources */ = {
			isa = PBXShellScriptBuildPhase;
			buildActionMask = 2147483647;
			files = (
			);
			inputPaths = (
			);
			name = "[CP] Copy Pods Resources";
			outputPaths = (
			);
			runOnlyForDeploymentPostprocessing = 0;
			shellPath = /bin/sh;
			shellScript = "\"${SRCROOT}/Pods/Target Support Files/Pods-Example/Pods-Example-resources.sh\"\n";
			showEnvVarsInLog = 0;
		};
		9DF51B39B3AB7C605151B84C /* [CP] Copy Pods Resources */ = {
			isa = PBXShellScriptBuildPhase;
			buildActionMask = 2147483647;
			files = (
			);
			inputPaths = (
			);
			name = "[CP] Copy Pods Resources";
			outputPaths = (
			);
			runOnlyForDeploymentPostprocessing = 0;
			shellPath = /bin/sh;
			shellScript = "\"${SRCROOT}/Pods/Target Support Files/Pods-ExampleSnapshotTests/Pods-ExampleSnapshotTests-resources.sh\"\n";
			showEnvVarsInLog = 0;
		};
		AD68FD1A85EC4A8D328120C9 /* [CP] Embed Pods Frameworks */ = {
			isa = PBXShellScriptBuildPhase;
			buildActionMask = 2147483647;
			files = (
			);
			inputPaths = (
			);
			name = "[CP] Embed Pods Frameworks";
			outputPaths = (
			);
			runOnlyForDeploymentPostprocessing = 0;
			shellPath = /bin/sh;
			shellScript = "\"${SRCROOT}/Pods/Target Support Files/Pods-Example/Pods-Example-frameworks.sh\"\n";
			showEnvVarsInLog = 0;
		};
		AF1447B1045512858F4C8831 /* [CP] Embed Pods Frameworks */ = {
			isa = PBXShellScriptBuildPhase;
			buildActionMask = 2147483647;
			files = (
			);
			inputPaths = (
			);
			name = "[CP] Embed Pods Frameworks";
			outputPaths = (
			);
			runOnlyForDeploymentPostprocessing = 0;
			shellPath = /bin/sh;
			shellScript = "\"${SRCROOT}/Pods/Target Support Files/Pods-ExampleSnapshotTests/Pods-ExampleSnapshotTests-frameworks.sh\"\n";
			showEnvVarsInLog = 0;
		};
		B39D913411EB6F8690C55CAF /* [CP] Check Pods Manifest.lock */ = {
			isa = PBXShellScriptBuildPhase;
			buildActionMask = 2147483647;
			files = (
			);
			inputPaths = (
			);
			name = "[CP] Check Pods Manifest.lock";
			outputPaths = (
			);
			runOnlyForDeploymentPostprocessing = 0;
			shellPath = /bin/sh;
			shellScript = "diff \"${PODS_ROOT}/../Podfile.lock\" \"${PODS_ROOT}/Manifest.lock\" > /dev/null\nif [[ $? != 0 ]] ; then\n    cat << EOM\nerror: The sandbox is not in sync with the Podfile.lock. Run 'pod install' or update your CocoaPods installation.\nEOM\n    exit 1\nfi\n";
			showEnvVarsInLog = 0;
		};
/* End PBXShellScriptBuildPhase section */

/* Begin PBXSourcesBuildPhase section */
		9F93DF551D2AAECA006D16B9 /* Sources */ = {
			isa = PBXSourcesBuildPhase;
			buildActionMask = 2147483647;
			files = (
				9F93DF5F1D2AAECA006D16B9 /* ViewController.swift in Sources */,
				9F93DF5D1D2AAECA006D16B9 /* AppDelegate.swift in Sources */,
			);
			runOnlyForDeploymentPostprocessing = 0;
		};
		9F93DF691D2AAECA006D16B9 /* Sources */ = {
			isa = PBXSourcesBuildPhase;
			buildActionMask = 2147483647;
			files = (
				9F93DF7D1D2AB6CE006D16B9 /* ExampleSnapshotTests.swift in Sources */,
			);
			runOnlyForDeploymentPostprocessing = 0;
		};
/* End PBXSourcesBuildPhase section */

/* Begin PBXTargetDependency section */
		9F93DF6F1D2AAECA006D16B9 /* PBXTargetDependency */ = {
			isa = PBXTargetDependency;
			target = 9F93DF581D2AAECA006D16B9 /* Example */;
			targetProxy = 9F93DF6E1D2AAECA006D16B9 /* PBXContainerItemProxy */;
		};
/* End PBXTargetDependency section */

/* Begin PBXVariantGroup section */
		9F93DF601D2AAECA006D16B9 /* Main.storyboard */ = {
			isa = PBXVariantGroup;
			children = (
				9F93DF611D2AAECA006D16B9 /* Base */,
			);
			name = Main.storyboard;
			sourceTree = "<group>";
		};
		9F93DF651D2AAECA006D16B9 /* LaunchScreen.storyboard */ = {
			isa = PBXVariantGroup;
			children = (
				9F93DF661D2AAECA006D16B9 /* Base */,
			);
			name = LaunchScreen.storyboard;
			sourceTree = "<group>";
		};
/* End PBXVariantGroup section */

/* Begin XCBuildConfiguration section */
		9F93DF741D2AAECA006D16B9 /* Debug */ = {
			isa = XCBuildConfiguration;
			buildSettings = {
				ALWAYS_SEARCH_USER_PATHS = NO;
				CLANG_ANALYZER_NONNULL = YES;
				CLANG_CXX_LANGUAGE_STANDARD = "gnu++0x";
				CLANG_CXX_LIBRARY = "libc++";
				CLANG_ENABLE_MODULES = YES;
				CLANG_ENABLE_OBJC_ARC = YES;
				CLANG_WARN_BOOL_CONVERSION = YES;
				CLANG_WARN_CONSTANT_CONVERSION = YES;
				CLANG_WARN_DIRECT_OBJC_ISA_USAGE = YES_ERROR;
				CLANG_WARN_EMPTY_BODY = YES;
				CLANG_WARN_ENUM_CONVERSION = YES;
				CLANG_WARN_INT_CONVERSION = YES;
				CLANG_WARN_OBJC_ROOT_CLASS = YES_ERROR;
				CLANG_WARN_UNREACHABLE_CODE = YES;
				CLANG_WARN__DUPLICATE_METHOD_MATCH = YES;
				"CODE_SIGN_IDENTITY[sdk=iphoneos*]" = "iPhone Developer";
				COPY_PHASE_STRIP = NO;
				DEBUG_INFORMATION_FORMAT = dwarf;
				ENABLE_STRICT_OBJC_MSGSEND = YES;
				ENABLE_TESTABILITY = YES;
				GCC_C_LANGUAGE_STANDARD = gnu99;
				GCC_DYNAMIC_NO_PIC = NO;
				GCC_NO_COMMON_BLOCKS = YES;
				GCC_OPTIMIZATION_LEVEL = 0;
				GCC_PREPROCESSOR_DEFINITIONS = (
					"DEBUG=1",
					"$(inherited)",
				);
				GCC_WARN_64_TO_32_BIT_CONVERSION = YES;
				GCC_WARN_ABOUT_RETURN_TYPE = YES_ERROR;
				GCC_WARN_UNDECLARED_SELECTOR = YES;
				GCC_WARN_UNINITIALIZED_AUTOS = YES_AGGRESSIVE;
				GCC_WARN_UNUSED_FUNCTION = YES;
				GCC_WARN_UNUSED_VARIABLE = YES;
				IPHONEOS_DEPLOYMENT_TARGET = 8.0;
				MTL_ENABLE_DEBUG_INFO = YES;
				ONLY_ACTIVE_ARCH = YES;
				SDKROOT = iphoneos;
				SWIFT_OPTIMIZATION_LEVEL = "-Onone";
				TARGETED_DEVICE_FAMILY = "1,2";
			};
			name = Debug;
		};
		9F93DF751D2AAECA006D16B9 /* Release */ = {
			isa = XCBuildConfiguration;
			buildSettings = {
				ALWAYS_SEARCH_USER_PATHS = NO;
				CLANG_ANALYZER_NONNULL = YES;
				CLANG_CXX_LANGUAGE_STANDARD = "gnu++0x";
				CLANG_CXX_LIBRARY = "libc++";
				CLANG_ENABLE_MODULES = YES;
				CLANG_ENABLE_OBJC_ARC = YES;
				CLANG_WARN_BOOL_CONVERSION = YES;
				CLANG_WARN_CONSTANT_CONVERSION = YES;
				CLANG_WARN_DIRECT_OBJC_ISA_USAGE = YES_ERROR;
				CLANG_WARN_EMPTY_BODY = YES;
				CLANG_WARN_ENUM_CONVERSION = YES;
				CLANG_WARN_INT_CONVERSION = YES;
				CLANG_WARN_OBJC_ROOT_CLASS = YES_ERROR;
				CLANG_WARN_UNREACHABLE_CODE = YES;
				CLANG_WARN__DUPLICATE_METHOD_MATCH = YES;
				"CODE_SIGN_IDENTITY[sdk=iphoneos*]" = "iPhone Developer";
				COPY_PHASE_STRIP = NO;
				DEBUG_INFORMATION_FORMAT = "dwarf-with-dsym";
				ENABLE_NS_ASSERTIONS = NO;
				ENABLE_STRICT_OBJC_MSGSEND = YES;
				GCC_C_LANGUAGE_STANDARD = gnu99;
				GCC_NO_COMMON_BLOCKS = YES;
				GCC_WARN_64_TO_32_BIT_CONVERSION = YES;
				GCC_WARN_ABOUT_RETURN_TYPE = YES_ERROR;
				GCC_WARN_UNDECLARED_SELECTOR = YES;
				GCC_WARN_UNINITIALIZED_AUTOS = YES_AGGRESSIVE;
				GCC_WARN_UNUSED_FUNCTION = YES;
				GCC_WARN_UNUSED_VARIABLE = YES;
				IPHONEOS_DEPLOYMENT_TARGET = 8.0;
				MTL_ENABLE_DEBUG_INFO = NO;
				SDKROOT = iphoneos;
				TARGETED_DEVICE_FAMILY = "1,2";
				VALIDATE_PRODUCT = YES;
			};
			name = Release;
		};
		9F93DF771D2AAECA006D16B9 /* Debug */ = {
			isa = XCBuildConfiguration;
			baseConfigurationReference = B5441FDA007142602B6314D0 /* Pods-Example.debug.xcconfig */;
			buildSettings = {
				ASSETCATALOG_COMPILER_APPICON_NAME = AppIcon;
				INFOPLIST_FILE = Example/Info.plist;
				IPHONEOS_DEPLOYMENT_TARGET = 8.0;
				LD_RUNPATH_SEARCH_PATHS = "$(inherited) @executable_path/Frameworks";
				PRODUCT_BUNDLE_IDENTIFIER = com.gautesolheim.Example;
				PRODUCT_NAME = "$(TARGET_NAME)";
			};
			name = Debug;
		};
		9F93DF781D2AAECA006D16B9 /* Release */ = {
			isa = XCBuildConfiguration;
			baseConfigurationReference = 74DD73F8A91BCEF8C417E0FE /* Pods-Example.release.xcconfig */;
			buildSettings = {
				ASSETCATALOG_COMPILER_APPICON_NAME = AppIcon;
				INFOPLIST_FILE = Example/Info.plist;
				IPHONEOS_DEPLOYMENT_TARGET = 8.0;
				LD_RUNPATH_SEARCH_PATHS = "$(inherited) @executable_path/Frameworks";
				PRODUCT_BUNDLE_IDENTIFIER = com.gautesolheim.Example;
				PRODUCT_NAME = "$(TARGET_NAME)";
			};
			name = Release;
		};
		9F93DF7A1D2AAECA006D16B9 /* Debug */ = {
			isa = XCBuildConfiguration;
			baseConfigurationReference = CCEE05557FAD22B75320983E /* Pods-ExampleSnapshotTests.debug.xcconfig */;
			buildSettings = {
				BUNDLE_LOADER = "$(TEST_HOST)";
				INFOPLIST_FILE = ExampleTests/Info.plist;
				LD_RUNPATH_SEARCH_PATHS = "$(inherited) @executable_path/Frameworks @loader_path/Frameworks";
				PRODUCT_BUNDLE_IDENTIFIER = com.gautesolheim.ExampleTests;
				PRODUCT_NAME = "$(TARGET_NAME)";
				TEST_HOST = "$(BUILT_PRODUCTS_DIR)/Example.app/Example";
			};
			name = Debug;
		};
		9F93DF7B1D2AAECA006D16B9 /* Release */ = {
			isa = XCBuildConfiguration;
			baseConfigurationReference = 12D7A9972EEC2876270F8785 /* Pods-ExampleSnapshotTests.release.xcconfig */;
			buildSettings = {
				BUNDLE_LOADER = "$(TEST_HOST)";
				INFOPLIST_FILE = ExampleTests/Info.plist;
				LD_RUNPATH_SEARCH_PATHS = "$(inherited) @executable_path/Frameworks @loader_path/Frameworks";
				PRODUCT_BUNDLE_IDENTIFIER = com.gautesolheim.ExampleTests;
				PRODUCT_NAME = "$(TARGET_NAME)";
				TEST_HOST = "$(BUILT_PRODUCTS_DIR)/Example.app/Example";
			};
			name = Release;
		};
/* End XCBuildConfiguration section */

/* Begin XCConfigurationList section */
		9F93DF541D2AAECA006D16B9 /* Build configuration list for PBXProject "Example" */ = {
			isa = XCConfigurationList;
			buildConfigurations = (
				9F93DF741D2AAECA006D16B9 /* Debug */,
				9F93DF751D2AAECA006D16B9 /* Release */,
			);
			defaultConfigurationIsVisible = 0;
			defaultConfigurationName = Release;
		};
		9F93DF761D2AAECA006D16B9 /* Build configuration list for PBXNativeTarget "Example" */ = {
			isa = XCConfigurationList;
			buildConfigurations = (
				9F93DF771D2AAECA006D16B9 /* Debug */,
				9F93DF781D2AAECA006D16B9 /* Release */,
			);
			defaultConfigurationIsVisible = 0;
			defaultConfigurationName = Release;
		};
		9F93DF791D2AAECA006D16B9 /* Build configuration list for PBXNativeTarget "ExampleSnapshotTests" */ = {
			isa = XCConfigurationList;
			buildConfigurations = (
				9F93DF7A1D2AAECA006D16B9 /* Debug */,
				9F93DF7B1D2AAECA006D16B9 /* Release */,
			);
			defaultConfigurationIsVisible = 0;
			defaultConfigurationName = Release;
		};
/* End XCConfigurationList section */
	};
	rootObject = 9F93DF511D2AAECA006D16B9 /* Project object */;
}
